{
  "requires": true,
  "lockfileVersion": 1,
  "dependencies": {
    "qwik": {
      "version": "1.0.57",
      "resolved": "https://registry.npmjs.org/qwik/-/qwik-1.0.57.tgz",
      "integrity": "sha512-ZquaQgRx7MlmdILKZ7ifXcwiHGpuY7Fza+i/moG+8eSgK+/FeqXnu2dMjKCD/3tByhzwy7kh2LZF2s+9MKMUBg=="
    }
  }
}
